<?xml version="1.0" encoding="utf-8"?>
<Project ToolsVersion="4.0" xmlns="http://schemas.microsoft.com/developer/msbuild/2003">
  <ItemGroup>
    <Filter Include="Source Files">
      <UniqueIdentifier>{4FC737F1-C7A5-4376-A066-2A32D752A2FF}</UniqueIdentifier>
      <Extensions>cpp;c;cc;cxx;c++;cppm;ixx;def;odl;idl;hpj;bat;asm;asmx</Extensions>
    </Filter>
    <Filter Include="Header Files">
      <UniqueIdentifier>{93995380-89BD-4b04-88EB-625FBE52EBFB}</UniqueIdentifier>
      <Extensions>h;hh;hpp;hxx;h++;hm;inl;inc;ipp;xsd</Extensions>
    </Filter>
  </ItemGroup>
  <ItemGroup>
    <ClInclude Include="$(MC_ROOT)\source\nbt\CompoundTag.hpp">
      <Filter>Header Files</Filter>
    </ClInclude>
    <ClInclude Include="$(MC_ROOT)\source\nbt\DoubleTag.hpp">
      <Filter>Header Files</Filter>
    </ClInclude>
    <ClInclude Include="$(MC_ROOT)\source\nbt\EndTag.hpp">
      <Filter>Header Files</Filter>
    </ClInclude>
    <ClInclude Include="$(MC_ROOT)\source\nbt\FloatTag.hpp">
      <Filter>Header Files</Filter>
    </ClInclude>
    <ClInclude Include="$(MC_ROOT)\source\nbt\ListTag.hpp">
      <Filter>Header Files</Filter>
    </ClInclude>
    <ClInclude Include="$(MC_ROOT)\source\nbt\Int64ArrayTag.hpp">
      <Filter>Header Files</Filter>
    </ClInclude>
    <ClInclude Include="$(MC_ROOT)\source\nbt\Int64Tag.hpp">
      <Filter>Header Files</Filter>
    </ClInclude>
    <ClInclude Include="$(MC_ROOT)\source\nbt\StringTag.hpp">
      <Filter>Header Files</Filter>
    </ClInclude>
    <ClInclude Include="$(MC_ROOT)\source\nbt\Tag.hpp">
      <Filter>Header Files</Filter>
    </ClInclude>
    <ClInclude Include="$(MC_ROOT)\source\nbt\Int8ArrayTag.hpp">
      <Filter>Header Files</Filter>
    </ClInclude>
    <ClInclude Include="$(MC_ROOT)\source\nbt\Int8Tag.hpp">
      <Filter>Header Files</Filter>
    </ClInclude>
    <ClInclude Include="$(MC_ROOT)\source\nbt\Int16Tag.hpp">
      <Filter>Header Files</Filter>
    </ClInclude>
    <ClInclude Include="$(MC_ROOT)\source\nbt\Int32ArrayTag.hpp">
      <Filter>Header Files</Filter>
    </ClInclude>
    <ClInclude Include="$(MC_ROOT)\source\nbt\Int32Tag.hpp">
      <Filter>Header Files</Filter>
    </ClInclude>
    <ClInclude Include="..\..\..\..\source\nbt\NbtIo.hpp">
      <Filter>Header Files</Filter>
    </ClInclude>
  </ItemGroup>
  <ItemGroup>
    <ClCompile Include="$(MC_ROOT)\source\nbt\CompoundTag.cpp">
      <Filter>Source Files</Filter>
    </ClCompile>
    <ClCompile Include="$(MC_ROOT)\source\nbt\DoubleTag.cpp">
      <Filter>Source Files</Filter>
    </ClCompile>
    <ClCompile Include="$(MC_ROOT)\source\nbt\EndTag.cpp">
      <Filter>Source Files</Filter>
    </ClCompile>
    <ClCompile Include="$(MC_ROOT)\source\nbt\FloatTag.cpp">
      <Filter>Source Files</Filter>
    </ClCompile>
    <ClCompile Include="$(MC_ROOT)\source\nbt\ListTag.cpp">
      <Filter>Source Files</Filter>
    </ClCompile>
    <ClCompile Include="$(MC_ROOT)\source\nbt\Int64ArrayTag.cpp">
      <Filter>Source Files</Filter>
    </ClCompile>
    <ClCompile Include="$(MC_ROOT)\source\nbt\Int64Tag.cpp">
      <Filter>Source Files</Filter>
    </ClCompile>
    <ClCompile Include="$(MC_ROOT)\source\nbt\StringTag.cpp">
      <Filter>Source Files</Filter>
    </ClCompile>
    <ClCompile Include="$(MC_ROOT)\source\nbt\Tag.cpp">
      <Filter>Source Files</Filter>
    </ClCompile>
    <ClCompile Include="$(MC_ROOT)\source\nbt\Int8ArrayTag.cpp">
      <Filter>Source Files</Filter>
    </ClCompile>
    <ClCompile Include="$(MC_ROOT)\source\nbt\Int8Tag.cpp">
      <Filter>Source Files</Filter>
    </ClCompile>
    <ClCompile Include="$(MC_ROOT)\source\nbt\Int16Tag.cpp">
      <Filter>Source Files</Filter>
    </ClCompile>
    <ClCompile Include="$(MC_ROOT)\source\nbt\Int32ArrayTag.cpp">
      <Filter>Source Files</Filter>
    </ClCompile>
    <ClCompile Include="$(MC_ROOT)\source\nbt\Int32Tag.cpp">
      <Filter>Source Files</Filter>
    </ClCompile>
    <ClCompile Include="$(MC_ROOT)\source\nbt\NbtIo.cpp">
      <Filter>Source Files</Filter>
    </ClCompile>
  </ItemGroup>
</Project>