<?xml version="1.0" encoding="utf-8"?>
<Project ToolsVersion="4.0" xmlns="http://schemas.microsoft.com/developer/msbuild/2003">
  <ItemGroup>
    <ClInclude Include="android_native_app_glue.h" />
    <ClInclude Include="$(MC_ROOT)\GameMods.hpp" />
    <ClInclude Include="$(MC_ROOT)\source\client\gui\components\AvailableGamesList.hpp" />
    <ClInclude Include="$(MC_ROOT)\source\client\gui\components\Button.hpp" />
    <ClInclude Include="$(MC_ROOT)\source\client\gui\components\RolledSelectionList.hpp" />
    <ClInclude Include="$(MC_ROOT)\source\client\gui\components\ScrolledSelectionList.hpp" />
    <ClInclude Include="$(MC_ROOT)\source\client\gui\components\SmallButton.hpp" />
    <ClInclude Include="$(MC_ROOT)\source\client\gui\components\TextInputBox.hpp" />
    <ClInclude Include="$(MC_ROOT)\source\client\gui\components\WorldSelectionList.hpp" />
    <ClInclude Include="$(MC_ROOT)\source\client\gui\Gui.hpp" />
    <ClInclude Include="$(MC_ROOT)\source\client\gui\GuiComponent.hpp" />
    <ClInclude Include="$(MC_ROOT)\source\client\gui\Screen.hpp" />
    <ClInclude Include="$(MC_ROOT)\source\client\gui\screens\ChatScreen.hpp" />
    <ClInclude Include="$(MC_ROOT)\source\client\gui\screens\ConfirmScreen.hpp" />
    <ClInclude Include="$(MC_ROOT)\source\client\gui\screens\CreateWorldScreen.hpp" />
    <ClInclude Include="$(MC_ROOT)\source\client\gui\screens\DeathScreen.hpp" />
    <ClInclude Include="$(MC_ROOT)\source\client\gui\screens\DeleteWorldScreen.hpp" />
    <ClInclude Include="$(MC_ROOT)\source\client\gui\screens\DirectConnectScreen.hpp" />
    <ClInclude Include="$(MC_ROOT)\source\client\gui\screens\IngameBlockSelectionScreen.hpp" />
    <ClInclude Include="$(MC_ROOT)\source\client\gui\screens\InvalidLicenseScreen.hpp" />
    <ClInclude Include="$(MC_ROOT)\source\client\gui\screens\JoinGameScreen.hpp" />
    <ClInclude Include="$(MC_ROOT)\source\client\gui\screens\OptionsScreen.hpp" />
    <ClInclude Include="$(MC_ROOT)\source\client\gui\screens\PauseScreen.hpp" />
    <ClInclude Include="$(MC_ROOT)\source\client\gui\screens\ProgressScreen.hpp" />
    <ClInclude Include="$(MC_ROOT)\source\client\gui\screens\RenameMPLevelScreen.hpp" />
    <ClInclude Include="$(MC_ROOT)\source\client\gui\screens\SavingWorldScreen.hpp" />
    <ClInclude Include="$(MC_ROOT)\source\client\gui\screens\SelectWorldScreen.hpp" />
    <ClInclude Include="$(MC_ROOT)\source\client\gui\screens\StartMenuScreen.hpp" />
    <ClInclude Include="$(MC_ROOT)\source\client\model\Cube.hpp" />
    <ClInclude Include="$(MC_ROOT)\source\client\model\HumanoidModel.hpp" />
    <ClInclude Include="$(MC_ROOT)\source\client\model\Model.hpp" />
    <ClInclude Include="$(MC_ROOT)\source\client\model\PolygonQuad.hpp" />
    <ClInclude Include="$(MC_ROOT)\source\client\player\input\Controller.hpp" />
    <ClInclude Include="$(MC_ROOT)\source\client\player\input\ControllerTurnInput.hpp" />
    <ClInclude Include="$(MC_ROOT)\source\client\player\input\ITurnInput.hpp" />
    <ClInclude Include="$(MC_ROOT)\source\client\player\input\Keyboard.hpp" />
    <ClInclude Include="$(MC_ROOT)\source\client\player\input\KeyboardInput.hpp" />
    <ClInclude Include="$(MC_ROOT)\source\client\player\input\Mouse.hpp" />
    <ClInclude Include="$(MC_ROOT)\source\client\player\input\MouseTurnInput.hpp" />
    <ClInclude Include="$(MC_ROOT)\source\client\player\input\User.hpp" />
    <ClInclude Include="$(MC_ROOT)\source\client\renderer\Chunk.hpp" />
    <ClInclude Include="$(MC_ROOT)\source\client\renderer\Culler.hpp" />
    <ClInclude Include="$(MC_ROOT)\source\client\renderer\DynamicTexture.hpp" />
    <ClInclude Include="$(MC_ROOT)\source\client\renderer\entity\EntityRenderDispatcher.hpp" />
    <ClInclude Include="$(MC_ROOT)\source\client\renderer\entity\EntityRenderer.hpp" />
    <ClInclude Include="$(MC_ROOT)\source\client\renderer\entity\FallingTileRenderer.hpp" />
    <ClInclude Include="$(MC_ROOT)\source\client\renderer\entity\HumanoidMobRenderer.hpp" />
    <ClInclude Include="$(MC_ROOT)\source\client\renderer\entity\ItemRenderer.hpp" />
    <ClInclude Include="$(MC_ROOT)\source\client\renderer\entity\ItemSpriteRenderer.hpp" />
    <ClInclude Include="$(MC_ROOT)\source\client\renderer\entity\MobRenderer.hpp" />
    <ClInclude Include="$(MC_ROOT)\source\client\renderer\entity\TntRenderer.hpp" />
    <ClInclude Include="$(MC_ROOT)\source\client\renderer\entity\TripodCameraRenderer.hpp" />
    <ClInclude Include="$(MC_ROOT)\source\client\renderer\Font.hpp" />
    <ClInclude Include="$(MC_ROOT)\source\client\renderer\Frustum.hpp" />
    <ClInclude Include="$(MC_ROOT)\source\client\renderer\FrustumCuller.hpp" />
    <ClInclude Include="$(MC_ROOT)\source\client\renderer\GameRenderer.hpp" />
    <ClInclude Include="$(MC_ROOT)\source\client\renderer\ItemInHandRenderer.hpp" />
    <ClInclude Include="$(MC_ROOT)\source\client\renderer\LevelRenderer.hpp" />
    <ClInclude Include="$(MC_ROOT)\source\client\renderer\LightLayer.hpp" />
    <ClInclude Include="$(MC_ROOT)\source\client\renderer\LightUpdate.hpp" />
    <ClInclude Include="$(MC_ROOT)\source\client\renderer\PatchManager.hpp" />
    <ClInclude Include="$(MC_ROOT)\source\client\renderer\RenderChunk.hpp" />
    <ClInclude Include="$(MC_ROOT)\source\client\renderer\RenderList.hpp" />
    <ClInclude Include="$(MC_ROOT)\source\client\renderer\Tesselator.hpp" />
    <ClInclude Include="$(MC_ROOT)\source\client\renderer\Texture.hpp" />
    <ClInclude Include="$(MC_ROOT)\source\client\renderer\Textures.hpp" />
    <ClInclude Include="$(MC_ROOT)\source\client\renderer\TileRenderer.hpp" />
    <ClInclude Include="$(MC_ROOT)\source\client\renderer\VertexPT.hpp" />
    <ClInclude Include="$(MC_ROOT)\source\client\sound\SoundData.hpp" />
    <ClInclude Include="$(MC_ROOT)\source\client\sound\SoundDefs.hpp" />
    <ClInclude Include="$(MC_ROOT)\source\client\sound\SoundEngine.hpp" />
    <ClInclude Include="$(MC_ROOT)\source\client\sound\SoundRepository.hpp" />
    <ClInclude Include="$(MC_ROOT)\source\client\sound\SoundSystem.hpp" />
    <ClInclude Include="$(MC_ROOT)\source\common\CThread.hpp" />
    <ClInclude Include="$(MC_ROOT)\source\common\Logger.hpp" />
    <ClInclude Include="$(MC_ROOT)\source\common\LongHack.hpp" />
    <ClInclude Include="$(MC_ROOT)\source\common\Matrix.hpp" />
    <ClInclude Include="$(MC_ROOT)\source\common\Mth.hpp" />
    <ClInclude Include="$(MC_ROOT)\source\common\Random.hpp" />
    <ClInclude Include="$(MC_ROOT)\source\common\Timer.hpp" />
    <ClInclude Include="$(MC_ROOT)\source\common\Util.hpp" />
    <ClInclude Include="$(MC_ROOT)\source\common\Utils.hpp" />
    <ClInclude Include="$(MC_ROOT)\source\world\entity\Entity.hpp" />
    <ClInclude Include="$(MC_ROOT)\source\world\entity\FallingTile.hpp" />
    <ClInclude Include="$(MC_ROOT)\source\world\entity\ItemEntity.hpp" />
    <ClInclude Include="$(MC_ROOT)\source\world\entity\LocalPlayer.hpp" />
    <ClInclude Include="$(MC_ROOT)\source\world\entity\Mob.hpp" />
    <ClInclude Include="$(MC_ROOT)\source\world\entity\Player.hpp" />
    <ClInclude Include="$(MC_ROOT)\source\world\entity\PrimedTnt.hpp" />
    <ClInclude Include="$(MC_ROOT)\source\world\entity\TripodCamera.hpp" />
    <ClInclude Include="$(MC_ROOT)\source\world\gamemode\CreativeMode.hpp" />
    <ClInclude Include="$(MC_ROOT)\source\world\gamemode\GameMode.hpp" />
    <ClInclude Include="$(MC_ROOT)\source\world\gamemode\SurvivalMode.hpp" />
    <ClInclude Include="$(MC_ROOT)\source\world\item\CameraItem.hpp" />
    <ClInclude Include="$(MC_ROOT)\source\world\item\DoorItem.hpp" />
    <ClInclude Include="$(MC_ROOT)\source\world\item\Inventory.hpp" />
    <ClInclude Include="$(MC_ROOT)\source\world\item\Item.hpp" />
    <ClInclude Include="$(MC_ROOT)\source\world\item\ItemInstance.hpp" />
    <ClInclude Include="$(MC_ROOT)\source\world\item\TileItem.hpp" />
    <ClInclude Include="$(MC_ROOT)\source\world\item\TilePlanterItem.hpp" />
    <ClInclude Include="$(MC_ROOT)\source\world\level\Dimension.hpp" />
    <ClInclude Include="$(MC_ROOT)\source\world\level\Explosion.hpp" />
    <ClInclude Include="$(MC_ROOT)\source\world\level\Level.hpp" />
    <ClInclude Include="$(MC_ROOT)\source\world\level\levelgen\biome\Biome.hpp" />
    <ClInclude Include="$(MC_ROOT)\source\world\level\levelgen\biome\BiomeSource.hpp" />
    <ClInclude Include="$(MC_ROOT)\source\world\level\levelgen\chunk\ChunkCache.hpp" />
    <ClInclude Include="$(MC_ROOT)\source\world\level\levelgen\chunk\ChunkSource.hpp" />
    <ClInclude Include="$(MC_ROOT)\source\world\level\levelgen\chunk\LevelChunk.hpp" />
    <ClInclude Include="$(MC_ROOT)\source\world\level\levelgen\chunk\PerformanceTestChunkSource.hpp" />
    <ClInclude Include="$(MC_ROOT)\source\world\level\levelgen\chunk\RandomLevelSource.hpp" />
    <ClInclude Include="$(MC_ROOT)\source\world\level\levelgen\chunk\TestChunkSource.hpp" />
    <ClInclude Include="$(MC_ROOT)\source\world\level\levelgen\feature\Feature.hpp" />
    <ClInclude Include="$(MC_ROOT)\source\world\level\levelgen\feature\LargeCaveFeature.hpp" />
    <ClInclude Include="$(MC_ROOT)\source\world\level\levelgen\feature\LargeFeature.hpp" />
    <ClInclude Include="$(MC_ROOT)\source\world\level\levelgen\synth\ImprovedNoise.hpp" />
    <ClInclude Include="$(MC_ROOT)\source\world\level\levelgen\synth\PerlinNoise.hpp" />
    <ClInclude Include="$(MC_ROOT)\source\world\level\levelgen\synth\Synth.hpp" />
    <ClInclude Include="$(MC_ROOT)\source\world\level\LevelListener.hpp" />
    <ClInclude Include="$(MC_ROOT)\source\world\level\Material.hpp" />
    <ClInclude Include="$(MC_ROOT)\source\world\level\Region.hpp" />
    <ClInclude Include="$(MC_ROOT)\source\world\level\storage\ChunkStorage.hpp" />
    <ClInclude Include="$(MC_ROOT)\source\world\level\storage\ExternalFileLevelStorage.hpp" />
    <ClInclude Include="$(MC_ROOT)\source\world\level\storage\ExternalFileLevelStorageSource.hpp" />
    <ClInclude Include="$(MC_ROOT)\source\world\level\storage\LevelData.hpp" />
    <ClInclude Include="$(MC_ROOT)\source\world\level\storage\LevelSource.hpp" />
    <ClInclude Include="$(MC_ROOT)\source\world\level\storage\LevelStorage.hpp" />
    <ClInclude Include="$(MC_ROOT)\source\world\level\storage\LevelStorageSource.hpp" />
    <ClInclude Include="$(MC_ROOT)\source\world\level\storage\MemoryChunkStorage.hpp" />
    <ClInclude Include="$(MC_ROOT)\source\world\level\storage\MemoryLevelStorage.hpp" />
    <ClInclude Include="$(MC_ROOT)\source\world\level\storage\MemoryLevelStorageSource.hpp" />
    <ClInclude Include="$(MC_ROOT)\source\world\level\storage\RegionFile.hpp" />
    <ClInclude Include="$(MC_ROOT)\source\world\level\TickNextTickData.hpp" />
    <ClInclude Include="$(MC_ROOT)\source\world\particle\Particle.hpp" />
    <ClInclude Include="$(MC_ROOT)\source\world\particle\ParticleEngine.hpp" />
    <ClInclude Include="$(MC_ROOT)\source\world\phys\AABB.hpp" />
    <ClInclude Include="$(MC_ROOT)\source\world\phys\HitResult.hpp" />
    <ClInclude Include="$(MC_ROOT)\source\world\phys\Vec3.hpp" />
    <ClInclude Include="$(MC_ROOT)\source\world\tile\BookshelfTile.hpp" />
    <ClInclude Include="$(MC_ROOT)\source\world\tile\Bush.hpp" />
    <ClInclude Include="$(MC_ROOT)\source\world\tile\ClayTile.hpp" />
    <ClInclude Include="$(MC_ROOT)\source\world\tile\ClothTile.hpp" />
    <ClInclude Include="$(MC_ROOT)\source\world\tile\DirtTile.hpp" />
    <ClInclude Include="$(MC_ROOT)\source\world\tile\DoorTile.hpp" />
    <ClInclude Include="$(MC_ROOT)\source\world\tile\FarmTile.hpp" />
    <ClInclude Include="$(MC_ROOT)\source\world\tile\FireTile.hpp" />
    <ClInclude Include="$(MC_ROOT)\source\world\tile\GlassTile.hpp" />
    <ClInclude Include="$(MC_ROOT)\source\world\tile\GrassTile.hpp" />
    <ClInclude Include="$(MC_ROOT)\source\world\tile\GravelTile.hpp" />
    <ClInclude Include="$(MC_ROOT)\source\world\tile\HalfTransparentTile.hpp" />
    <ClInclude Include="$(MC_ROOT)\source\world\tile\IceTile.hpp" />
    <ClInclude Include="$(MC_ROOT)\source\world\tile\InvisibleTile.hpp" />
    <ClInclude Include="$(MC_ROOT)\source\world\tile\LadderTile.hpp" />
    <ClInclude Include="$(MC_ROOT)\source\world\tile\LeafTile.hpp" />
    <ClInclude Include="$(MC_ROOT)\source\world\tile\LiquidTile.hpp" />
    <ClInclude Include="$(MC_ROOT)\source\world\tile\LiquidTileDynamic.hpp" />
    <ClInclude Include="$(MC_ROOT)\source\world\tile\LiquidTileStatic.hpp" />
    <ClInclude Include="$(MC_ROOT)\source\world\tile\MetalTile.hpp" />
    <ClInclude Include="$(MC_ROOT)\source\world\tile\ObsidianTile.hpp" />
    <ClInclude Include="$(MC_ROOT)\source\world\tile\OreTile.hpp" />
    <ClInclude Include="$(MC_ROOT)\source\world\tile\RedStoneOreTile.hpp" />
    <ClInclude Include="$(MC_ROOT)\source\world\tile\ReedTile.hpp" />
    <ClInclude Include="$(MC_ROOT)\source\world\tile\SandStoneTile.hpp" />
    <ClInclude Include="$(MC_ROOT)\source\world\tile\SandTile.hpp" />
    <ClInclude Include="$(MC_ROOT)\source\world\tile\Sapling.hpp" />
    <ClInclude Include="$(MC_ROOT)\source\world\tile\SpongeTile.hpp" />
    <ClInclude Include="$(MC_ROOT)\source\world\tile\StairTile.hpp" />
    <ClInclude Include="$(MC_ROOT)\source\world\tile\StoneSlabTile.hpp" />
    <ClInclude Include="$(MC_ROOT)\source\world\tile\StoneTile.hpp" />
    <ClInclude Include="$(MC_ROOT)\source\world\tile\Tile.hpp" />
    <ClInclude Include="$(MC_ROOT)\source\world\tile\TntTile.hpp" />
    <ClInclude Include="$(MC_ROOT)\source\world\tile\TopSnowTile.hpp" />
    <ClInclude Include="$(MC_ROOT)\source\world\tile\TorchTile.hpp" />
    <ClInclude Include="$(MC_ROOT)\source\world\tile\TransparentTile.hpp" />
    <ClInclude Include="$(MC_ROOT)\source\world\tile\TreeTile.hpp" />
    <ClInclude Include="$(MC_ROOT)\source\world\tile\WireTile.hpp" />
    <ClInclude Include="$(MC_ROOT)\source\client\app\App.hpp" />
    <ClInclude Include="$(MC_ROOT)\source\client\app\AppPlatform.hpp" />
    <ClInclude Include="$(MC_ROOT)\source\client\app\Minecraft.hpp" />
    <ClInclude Include="$(MC_ROOT)\source\client\app\NinecraftApp.hpp" />
    <ClInclude Include="$(MC_ROOT)\source\client\network\ClientSideNetworkHandler.hpp" />
    <ClInclude Include="$(MC_ROOT)\source\client\options\Options.hpp" />
    <ClInclude Include="$(MC_ROOT)\source\client\player\input\IArea.hpp" />
    <ClInclude Include="$(MC_ROOT)\source\client\player\input\IBuildInput.hpp" />
    <ClInclude Include="$(MC_ROOT)\source\client\player\input\IncludeExcludeArea.hpp" />
    <ClInclude Include="$(MC_ROOT)\source\client\player\input\MouseHandler.hpp" />
    <ClInclude Include="$(MC_ROOT)\source\client\player\input\PolygonArea.hpp" />
    <ClInclude Include="$(MC_ROOT)\source\client\player\input\RectangleArea.hpp" />
    <ClInclude Include="$(MC_ROOT)\source\client\player\input\MouseDevice.hpp" />
    <ClInclude Include="$(MC_ROOT)\source\client\player\input\Multitouch.hpp" />
    <ClInclude Include="$(MC_ROOT)\source\client\player\input\CustomInputHolder.hpp" />
    <ClInclude Include="$(MC_ROOT)\source\client\player\input\IInputHolder.hpp" />
    <ClInclude Include="$(MC_ROOT)\source\client\player\input\IMoveInput.hpp" />
    <ClInclude Include="$(MC_ROOT)\source\client\player\input\ITouchScreenModel.hpp" />
    <ClInclude Include="$(MC_ROOT)\source\client\player\input\TouchAreaModel.hpp" />
    <ClInclude Include="$(MC_ROOT)\source\client\player\input\TouchInputHolder.hpp" />
    <ClInclude Include="$(MC_ROOT)\source\client\player\input\TouchscreenInput_TestFps.hpp" />
    <ClInclude Include="$(MC_ROOT)\source\client\player\input\UnifiedTurnBuild.hpp" />
    <ClInclude Include="$(MC_ROOT)\source\common\SmoothFloat.hpp" />
    <ClInclude Include="$(MC_ROOT)\thirdparty\GL\GL.hpp" />
    <ClInclude Include="$(MC_ROOT)\thirdparty\GL\glext.h" />
    <ClInclude Include="$(RAKNET_PATH)\AutopatcherPatchContext.h" />
    <ClInclude Include="$(RAKNET_PATH)\AutopatcherRepositoryInterface.h" />
    <ClInclude Include="$(RAKNET_PATH)\Base64Encoder.h" />
    <ClInclude Include="$(RAKNET_PATH)\BitStream.h" />
    <ClInclude Include="$(RAKNET_PATH)\CCRakNetSlidingWindow.h" />
    <ClInclude Include="$(RAKNET_PATH)\CCRakNetUDT.h" />
    <ClInclude Include="$(RAKNET_PATH)\CheckSum.h" />
    <ClInclude Include="$(RAKNET_PATH)\CloudClient.h" />
    <ClInclude Include="$(RAKNET_PATH)\CloudCommon.h" />
    <ClInclude Include="$(RAKNET_PATH)\CloudServer.h" />
    <ClInclude Include="$(RAKNET_PATH)\CommandParserInterface.h" />
    <ClInclude Include="$(RAKNET_PATH)\ConnectionGraph2.h" />
    <ClInclude Include="$(RAKNET_PATH)\ConsoleServer.h" />
    <ClInclude Include="$(RAKNET_PATH)\DataCompressor.h" />
    <ClInclude Include="$(RAKNET_PATH)\DirectoryDeltaTransfer.h" />
    <ClInclude Include="$(RAKNET_PATH)\DR_SHA1.h" />
    <ClInclude Include="$(RAKNET_PATH)\DS_BinarySearchTree.h" />
    <ClInclude Include="$(RAKNET_PATH)\DS_BPlusTree.h" />
    <ClInclude Include="$(RAKNET_PATH)\DS_BytePool.h" />
    <ClInclude Include="$(RAKNET_PATH)\DS_ByteQueue.h" />
    <ClInclude Include="$(RAKNET_PATH)\DS_Hash.h" />
    <ClInclude Include="$(RAKNET_PATH)\DS_Heap.h" />
    <ClInclude Include="$(RAKNET_PATH)\DS_HuffmanEncodingTree.h" />
    <ClInclude Include="$(RAKNET_PATH)\DS_HuffmanEncodingTreeFactory.h" />
    <ClInclude Include="$(RAKNET_PATH)\DS_HuffmanEncodingTreeNode.h" />
    <ClInclude Include="$(RAKNET_PATH)\DS_LinkedList.h" />
    <ClInclude Include="$(RAKNET_PATH)\DS_List.h" />
    <ClInclude Include="$(RAKNET_PATH)\DS_Map.h" />
    <ClInclude Include="$(RAKNET_PATH)\DS_MemoryPool.h" />
    <ClInclude Include="$(RAKNET_PATH)\DS_Multilist.h" />
    <ClInclude Include="$(RAKNET_PATH)\DS_OrderedChannelHeap.h" />
    <ClInclude Include="$(RAKNET_PATH)\DS_OrderedList.h" />
    <ClInclude Include="$(RAKNET_PATH)\DS_Queue.h" />
    <ClInclude Include="$(RAKNET_PATH)\DS_QueueLinkedList.h" />
    <ClInclude Include="$(RAKNET_PATH)\DS_RangeList.h" />
    <ClInclude Include="$(RAKNET_PATH)\DS_Table.h" />
    <ClInclude Include="$(RAKNET_PATH)\DS_ThreadsafeAllocatingQueue.h" />
    <ClInclude Include="$(RAKNET_PATH)\DS_Tree.h" />
    <ClInclude Include="$(RAKNET_PATH)\DS_WeightedGraph.h" />
    <ClInclude Include="$(RAKNET_PATH)\DynDNS.h" />
    <ClInclude Include="$(RAKNET_PATH)\EmailSender.h" />
    <ClInclude Include="$(RAKNET_PATH)\EmptyHeader.h" />
    <ClInclude Include="$(RAKNET_PATH)\EpochTimeToString.h" />
    <ClInclude Include="$(RAKNET_PATH)\Export.h" />
    <ClInclude Include="$(RAKNET_PATH)\FileList.h" />
    <ClInclude Include="$(RAKNET_PATH)\FileListNodeContext.h" />
    <ClInclude Include="$(RAKNET_PATH)\FileListTransfer.h" />
    <ClInclude Include="$(RAKNET_PATH)\FileListTransferCBInterface.h" />
    <ClInclude Include="$(RAKNET_PATH)\FileOperations.h" />
    <ClInclude Include="$(RAKNET_PATH)\FormatString.h" />
    <ClInclude Include="$(RAKNET_PATH)\FullyConnectedMesh2.h" />
    <ClInclude Include="$(RAKNET_PATH)\Getche.h" />
    <ClInclude Include="$(RAKNET_PATH)\Gets.h" />
    <ClInclude Include="$(RAKNET_PATH)\GetTime.h" />
    <ClInclude Include="$(RAKNET_PATH)\gettimeofday.h" />
    <ClInclude Include="$(RAKNET_PATH)\GridSectorizer.h" />
    <ClInclude Include="$(RAKNET_PATH)\HTTPConnection.h" />
    <ClInclude Include="$(RAKNET_PATH)\HTTPConnection2.h" />
    <ClInclude Include="$(RAKNET_PATH)\IncrementalReadInterface.h" />
    <ClInclude Include="$(RAKNET_PATH)\InternalPacket.h" />
    <ClInclude Include="$(RAKNET_PATH)\Itoa.h" />
    <ClInclude Include="$(RAKNET_PATH)\Kbhit.h" />
    <ClInclude Include="$(RAKNET_PATH)\LinuxStrings.h" />
    <ClInclude Include="$(RAKNET_PATH)\LocklessTypes.h" />
    <ClInclude Include="$(RAKNET_PATH)\LogCommandParser.h" />
    <ClInclude Include="$(RAKNET_PATH)\MessageFilter.h" />
    <ClInclude Include="$(RAKNET_PATH)\MessageIdentifiers.h" />
    <ClInclude Include="$(RAKNET_PATH)\MTUSize.h" />
    <ClInclude Include="$(RAKNET_PATH)\NativeFeatureIncludes.h" />
    <ClInclude Include="$(RAKNET_PATH)\NativeFeatureIncludesOverrides.h" />
    <ClInclude Include="$(RAKNET_PATH)\NativeTypes.h" />
    <ClInclude Include="$(RAKNET_PATH)\NatPunchthroughClient.h" />
    <ClInclude Include="$(RAKNET_PATH)\NatPunchthroughServer.h" />
    <ClInclude Include="$(RAKNET_PATH)\NatTypeDetectionClient.h" />
    <ClInclude Include="$(RAKNET_PATH)\NatTypeDetectionCommon.h" />
    <ClInclude Include="$(RAKNET_PATH)\NatTypeDetectionServer.h" />
    <ClInclude Include="$(RAKNET_PATH)\NetworkIDManager.h" />
    <ClInclude Include="$(RAKNET_PATH)\NetworkIDObject.h" />
    <ClInclude Include="$(RAKNET_PATH)\PacketConsoleLogger.h" />
    <ClInclude Include="$(RAKNET_PATH)\PacketFileLogger.h" />
    <ClInclude Include="$(RAKNET_PATH)\PacketizedTCP.h" />
    <ClInclude Include="$(RAKNET_PATH)\PacketLogger.h" />
    <ClInclude Include="$(RAKNET_PATH)\PacketOutputWindowLogger.h" />
    <ClInclude Include="$(RAKNET_PATH)\PacketPool.h" />
    <ClInclude Include="$(RAKNET_PATH)\PacketPriority.h" />
    <ClInclude Include="$(RAKNET_PATH)\PluginInterface2.h" />
    <ClInclude Include="$(RAKNET_PATH)\PS3Includes.h" />
    <ClInclude Include="$(RAKNET_PATH)\PS4Includes.h" />
    <ClInclude Include="$(RAKNET_PATH)\Rackspace.h" />
    <ClInclude Include="$(RAKNET_PATH)\RakAlloca.h" />
    <ClInclude Include="$(RAKNET_PATH)\RakAssert.h" />
    <ClInclude Include="$(RAKNET_PATH)\RakMemoryOverride.h" />
    <ClInclude Include="$(RAKNET_PATH)\RakNetCommandParser.h" />
    <ClInclude Include="$(RAKNET_PATH)\RakNetDefines.h" />
    <ClInclude Include="$(RAKNET_PATH)\RakNetDefinesOverrides.h" />
    <ClInclude Include="$(RAKNET_PATH)\RakNetSmartPtr.h" />
    <ClInclude Include="$(RAKNET_PATH)\RakNetSocket.h" />
    <ClInclude Include="$(RAKNET_PATH)\RakNetSocket2.h" />
    <ClInclude Include="$(RAKNET_PATH)\RakNetStatistics.h" />
    <ClInclude Include="$(RAKNET_PATH)\RakNetTime.h" />
    <ClInclude Include="$(RAKNET_PATH)\RakNetTransport2.h" />
    <ClInclude Include="$(RAKNET_PATH)\RakNetTypes.h" />
    <ClInclude Include="$(RAKNET_PATH)\RakNetVersion.h" />
    <ClInclude Include="$(RAKNET_PATH)\RakPeer.h" />
    <ClInclude Include="$(RAKNET_PATH)\RakPeerInterface.h" />
    <ClInclude Include="$(RAKNET_PATH)\RakSleep.h" />
    <ClInclude Include="$(RAKNET_PATH)\RakString.h" />
    <ClInclude Include="$(RAKNET_PATH)\RakThread.h" />
    <ClInclude Include="$(RAKNET_PATH)\RakWString.h" />
    <ClInclude Include="$(RAKNET_PATH)\Rand.h" />
    <ClInclude Include="$(RAKNET_PATH)\RandSync.h" />
    <ClInclude Include="$(RAKNET_PATH)\ReadyEvent.h" />
    <ClInclude Include="$(RAKNET_PATH)\RefCountedObj.h" />
    <ClInclude Include="$(RAKNET_PATH)\RelayPlugin.h" />
    <ClInclude Include="$(RAKNET_PATH)\ReliabilityLayer.h" />
    <ClInclude Include="$(RAKNET_PATH)\ReplicaEnums.h" />
    <ClInclude Include="$(RAKNET_PATH)\ReplicaManager3.h" />
    <ClInclude Include="$(RAKNET_PATH)\Router2.h" />
    <ClInclude Include="$(RAKNET_PATH)\RPC4Plugin.h" />
    <ClInclude Include="$(RAKNET_PATH)\SecureHandshake.h" />
    <ClInclude Include="$(RAKNET_PATH)\SendToThread.h" />
    <ClInclude Include="$(RAKNET_PATH)\SignaledEvent.h" />
    <ClInclude Include="$(RAKNET_PATH)\SimpleMutex.h" />
    <ClInclude Include="$(RAKNET_PATH)\SimpleTCPServer.h" />
    <ClInclude Include="$(RAKNET_PATH)\SingleProducerConsumer.h" />
    <ClInclude Include="$(RAKNET_PATH)\SocketDefines.h" />
    <ClInclude Include="$(RAKNET_PATH)\SocketIncludes.h" />
    <ClInclude Include="$(RAKNET_PATH)\SocketLayer.h" />
    <ClInclude Include="$(RAKNET_PATH)\StatisticsHistory.h" />
    <ClInclude Include="$(RAKNET_PATH)\StringCompressor.h" />
    <ClInclude Include="$(RAKNET_PATH)\StringTable.h" />
    <ClInclude Include="$(RAKNET_PATH)\SuperFastHash.h" />
    <ClInclude Include="$(RAKNET_PATH)\TableSerializer.h" />
    <ClInclude Include="$(RAKNET_PATH)\TCPInterface.h" />
    <ClInclude Include="$(RAKNET_PATH)\TeamBalancer.h" />
    <ClInclude Include="$(RAKNET_PATH)\TeamManager.h" />
    <ClInclude Include="$(RAKNET_PATH)\TelnetTransport.h" />
    <ClInclude Include="$(RAKNET_PATH)\ThreadPool.h" />
    <ClInclude Include="$(RAKNET_PATH)\ThreadsafePacketLogger.h" />
    <ClInclude Include="$(RAKNET_PATH)\TransportInterface.h" />
    <ClInclude Include="$(RAKNET_PATH)\TwoWayAuthentication.h" />
    <ClInclude Include="$(RAKNET_PATH)\UDPForwarder.h" />
    <ClInclude Include="$(RAKNET_PATH)\UDPProxyClient.h" />
    <ClInclude Include="$(RAKNET_PATH)\UDPProxyCommon.h" />
    <ClInclude Include="$(RAKNET_PATH)\UDPProxyCoordinator.h" />
    <ClInclude Include="$(RAKNET_PATH)\UDPProxyServer.h" />
    <ClInclude Include="$(RAKNET_PATH)\VariableDeltaSerializer.h" />
    <ClInclude Include="$(RAKNET_PATH)\VariableListDeltaTracker.h" />
    <ClInclude Include="$(RAKNET_PATH)\VariadicSQLParser.h" />
    <ClInclude Include="$(RAKNET_PATH)\VitaIncludes.h" />
    <ClInclude Include="$(RAKNET_PATH)\WindowsIncludes.h" />
    <ClInclude Include="$(RAKNET_PATH)\WSAStartupSingleton.h" />
    <ClInclude Include="$(RAKNET_PATH)\XBox360Includes.h" />
    <ClInclude Include="$(RAKNET_PATH)\_FindFirst.h" />
    <ClInclude Include="$(MC_ROOT)\platforms\android\AppPlatform_android.hpp" />
  </ItemGroup>
  <ItemGroup>
    <ClCompile Include="android_native_app_glue.c" />
    <ClCompile Include="main.cpp" />
    <ClCompile Include="$(MC_ROOT)\source\client\gui\components\AvailableGamesList.cpp" />
    <ClCompile Include="$(MC_ROOT)\source\client\gui\components\Button.cpp" />
    <ClCompile Include="$(MC_ROOT)\source\client\gui\components\RolledSelectionList.cpp" />
    <ClCompile Include="$(MC_ROOT)\source\client\gui\components\ScrolledSelectionList.cpp" />
    <ClCompile Include="$(MC_ROOT)\source\client\gui\components\SmallButton.cpp" />
    <ClCompile Include="$(MC_ROOT)\source\client\gui\components\TextInputBox.cpp" />
    <ClCompile Include="$(MC_ROOT)\source\client\gui\components\WorldSelectionList.cpp" />
    <ClCompile Include="$(MC_ROOT)\source\client\gui\Gui.cpp" />
    <ClCompile Include="$(MC_ROOT)\source\client\gui\GuiComponent.cpp" />
    <ClCompile Include="$(MC_ROOT)\source\client\gui\Screen.cpp" />
    <ClCompile Include="$(MC_ROOT)\source\client\gui\screens\ChatScreen.cpp" />
    <ClCompile Include="$(MC_ROOT)\source\client\gui\screens\ConfirmScreen.cpp" />
    <ClCompile Include="$(MC_ROOT)\source\client\gui\screens\CreateWorldScreen.cpp" />
    <ClCompile Include="$(MC_ROOT)\source\client\gui\screens\DeathScreen.cpp" />
    <ClCompile Include="$(MC_ROOT)\source\client\gui\screens\DeleteWorldScreen.cpp" />
    <ClCompile Include="$(MC_ROOT)\source\client\gui\screens\DirectConnectScreen.cpp" />
    <ClCompile Include="$(MC_ROOT)\source\client\gui\screens\IngameBlockSelectionScreen.cpp" />
    <ClCompile Include="$(MC_ROOT)\source\client\gui\screens\InvalidLicenseScreen.cpp" />
    <ClCompile Include="$(MC_ROOT)\source\client\gui\screens\JoinGameScreen.cpp" />
    <ClCompile Include="$(MC_ROOT)\source\client\gui\screens\OptionsScreen.cpp" />
    <ClCompile Include="$(MC_ROOT)\source\client\gui\screens\PauseScreen.cpp" />
    <ClCompile Include="$(MC_ROOT)\source\client\gui\screens\ProgressScreen.cpp" />
    <ClCompile Include="$(MC_ROOT)\source\client\gui\screens\RenameMPLevelScreen.cpp" />
    <ClCompile Include="$(MC_ROOT)\source\client\gui\screens\SavingWorldScreen.cpp" />
    <ClCompile Include="$(MC_ROOT)\source\client\gui\screens\SelectWorldScreen.cpp" />
    <ClCompile Include="$(MC_ROOT)\source\client\gui\screens\StartMenuScreen.cpp" />
    <ClCompile Include="$(MC_ROOT)\source\client\model\Cube.cpp" />
    <ClCompile Include="$(MC_ROOT)\source\client\model\HumanoidModel.cpp" />
    <ClCompile Include="$(MC_ROOT)\source\client\model\Model.cpp" />
    <ClCompile Include="$(MC_ROOT)\source\client\model\PolygonQuad.cpp" />
    <ClCompile Include="$(MC_ROOT)\source\client\player\input\Controller.cpp" />
    <ClCompile Include="$(MC_ROOT)\source\client\player\input\ControllerTurnInput.cpp" />
    <ClCompile Include="$(MC_ROOT)\source\client\player\input\ITurnInput.cpp" />
    <ClCompile Include="$(MC_ROOT)\source\client\player\input\Keyboard.cpp" />
    <ClCompile Include="$(MC_ROOT)\source\client\player\input\KeyboardInput.cpp" />
    <ClCompile Include="$(MC_ROOT)\source\client\player\input\Mouse.cpp" />
    <ClCompile Include="$(MC_ROOT)\source\client\player\input\MouseTurnInput.cpp" />
    <ClCompile Include="$(MC_ROOT)\source\client\renderer\Chunk.cpp" />
    <ClCompile Include="$(MC_ROOT)\source\client\renderer\Culler.cpp" />
    <ClCompile Include="$(MC_ROOT)\source\client\renderer\DynamicTexture.cpp" />
    <ClCompile Include="$(MC_ROOT)\source\client\renderer\entity\EntityRenderDispatcher.cpp" />
    <ClCompile Include="$(MC_ROOT)\source\client\renderer\entity\EntityRenderer.cpp" />
    <ClCompile Include="$(MC_ROOT)\source\client\renderer\entity\FallingTileRenderer.cpp" />
    <ClCompile Include="$(MC_ROOT)\source\client\renderer\entity\HumanoidMobRenderer.cpp" />
    <ClCompile Include="$(MC_ROOT)\source\client\renderer\entity\ItemRenderer.cpp" />
    <ClCompile Include="$(MC_ROOT)\source\client\renderer\entity\ItemSpriteRenderer.cpp" />
    <ClCompile Include="$(MC_ROOT)\source\client\renderer\entity\MobRenderer.cpp" />
    <ClCompile Include="$(MC_ROOT)\source\client\renderer\entity\TntRenderer.cpp" />
    <ClCompile Include="$(MC_ROOT)\source\client\renderer\entity\TripodCameraRenderer.cpp" />
    <ClCompile Include="$(MC_ROOT)\source\client\renderer\FireTexture.cpp" />
    <ClCompile Include="$(MC_ROOT)\source\client\renderer\Font.cpp" />
    <ClCompile Include="$(MC_ROOT)\source\client\renderer\Frustum.cpp" />
    <ClCompile Include="$(MC_ROOT)\source\client\renderer\FrustumCuller.cpp" />
    <ClCompile Include="$(MC_ROOT)\source\client\renderer\GameRenderer.cpp" />
    <ClCompile Include="$(MC_ROOT)\source\client\renderer\ItemInHandRenderer.cpp" />
    <ClCompile Include="$(MC_ROOT)\source\client\renderer\LavaSideTexture.cpp" />
    <ClCompile Include="$(MC_ROOT)\source\client\renderer\LavaTexture.cpp" />
    <ClCompile Include="$(MC_ROOT)\source\client\renderer\LevelRenderer.cpp" />
    <ClCompile Include="$(MC_ROOT)\source\client\renderer\LightLayer.cpp" />
    <ClCompile Include="$(MC_ROOT)\source\client\renderer\LightUpdate.cpp" />
    <ClCompile Include="$(MC_ROOT)\source\client\renderer\PatchManager.cpp" />
    <ClCompile Include="$(MC_ROOT)\source\client\renderer\RenderChunk.cpp" />
    <ClCompile Include="$(MC_ROOT)\source\client\renderer\RenderList.cpp" />
    <ClCompile Include="$(MC_ROOT)\source\client\renderer\Tesselator.cpp" />
    <ClCompile Include="$(MC_ROOT)\source\client\renderer\Textures.cpp" />
    <ClCompile Include="$(MC_ROOT)\source\client\renderer\TileRenderer.cpp" />
    <ClCompile Include="$(MC_ROOT)\source\client\renderer\WaterSideTexture.cpp" />
    <ClCompile Include="$(MC_ROOT)\source\client\renderer\WaterTexture.cpp" />
    <ClCompile Include="$(MC_ROOT)\source\client\sound\SoundData.cpp" />
    <ClCompile Include="$(MC_ROOT)\source\client\sound\SoundEngine.cpp" />
    <ClCompile Include="$(MC_ROOT)\source\client\sound\SoundRepository.cpp" />
    <ClCompile Include="$(MC_ROOT)\source\client\sound\SoundSystem.cpp" />
    <ClCompile Include="$(MC_ROOT)\source\common\CThread.cpp" />
    <ClCompile Include="$(MC_ROOT)\source\common\Logger.cpp" />
    <ClCompile Include="$(MC_ROOT)\source\common\Matrix.cpp" />
    <ClCompile Include="$(MC_ROOT)\source\common\Mth.cpp" />
    <ClCompile Include="$(MC_ROOT)\source\common\Random.cpp" />
    <ClCompile Include="$(MC_ROOT)\source\common\Timer.cpp" />
    <ClCompile Include="$(MC_ROOT)\source\common\Util.cpp" />
    <ClCompile Include="$(MC_ROOT)\source\common\Utils.cpp" />
    <ClCompile Include="$(MC_ROOT)\source\world\entity\Entity.cpp" />
    <ClCompile Include="$(MC_ROOT)\source\world\entity\FallingTile.cpp" />
    <ClCompile Include="$(MC_ROOT)\source\world\entity\ItemEntity.cpp" />
    <ClCompile Include="$(MC_ROOT)\source\world\entity\LocalPlayer.cpp" />
    <ClCompile Include="$(MC_ROOT)\source\world\entity\Mob.cpp" />
    <ClCompile Include="$(MC_ROOT)\source\world\entity\Player.cpp" />
    <ClCompile Include="$(MC_ROOT)\source\world\entity\PrimedTnt.cpp" />
    <ClCompile Include="$(MC_ROOT)\source\world\entity\TripodCamera.cpp" />
    <ClCompile Include="$(MC_ROOT)\source\world\gamemode\CreativeMode.cpp" />
    <ClCompile Include="$(MC_ROOT)\source\world\gamemode\GameMode.cpp" />
    <ClCompile Include="$(MC_ROOT)\source\world\gamemode\SurvivalMode.cpp" />
    <ClCompile Include="$(MC_ROOT)\source\world\item\CameraItem.cpp" />
    <ClCompile Include="$(MC_ROOT)\source\world\item\DoorItem.cpp" />
    <ClCompile Include="$(MC_ROOT)\source\world\item\Inventory.cpp" />
    <ClCompile Include="$(MC_ROOT)\source\world\item\Item.cpp" />
    <ClCompile Include="$(MC_ROOT)\source\world\item\ItemInstance.cpp" />
    <ClCompile Include="$(MC_ROOT)\source\world\item\TileItem.cpp" />
    <ClCompile Include="$(MC_ROOT)\source\world\item\TilePlanterItem.cpp" />
    <ClCompile Include="$(MC_ROOT)\source\world\level\Dimension.cpp" />
    <ClCompile Include="$(MC_ROOT)\source\world\level\Explosion.cpp" />
    <ClCompile Include="$(MC_ROOT)\source\world\level\Level.cpp" />
    <ClCompile Include="$(MC_ROOT)\source\world\level\levelgen\biome\Biome.cpp" />
    <ClCompile Include="$(MC_ROOT)\source\world\level\levelgen\biome\BiomeSource.cpp" />
    <ClCompile Include="$(MC_ROOT)\source\world\level\levelgen\chunk\ChunkCache.cpp" />
    <ClCompile Include="$(MC_ROOT)\source\world\level\levelgen\chunk\ChunkSource.cpp" />
    <ClCompile Include="$(MC_ROOT)\source\world\level\levelgen\chunk\LevelChunk.cpp" />
    <ClCompile Include="$(MC_ROOT)\source\world\level\levelgen\chunk\PerformanceTestChunkSource.cpp" />
    <ClCompile Include="$(MC_ROOT)\source\world\level\levelgen\chunk\RandomLevelSource.cpp" />
    <ClCompile Include="$(MC_ROOT)\source\world\level\levelgen\chunk\TestChunkSource.cpp" />
    <ClCompile Include="$(MC_ROOT)\source\world\level\levelgen\feature\BirchFeature.cpp" />
    <ClCompile Include="$(MC_ROOT)\source\world\level\levelgen\feature\ClayFeature.cpp" />
    <ClCompile Include="$(MC_ROOT)\source\world\level\levelgen\feature\Feature.cpp" />
    <ClCompile Include="$(MC_ROOT)\source\world\level\levelgen\feature\FlowerFeature.cpp" />
    <ClCompile Include="$(MC_ROOT)\source\world\level\levelgen\feature\LargeCaveFeature.cpp" />
    <ClCompile Include="$(MC_ROOT)\source\world\level\levelgen\feature\LargeFeature.cpp" />
    <ClCompile Include="$(MC_ROOT)\source\world\level\levelgen\feature\OreFeature.cpp" />
    <ClCompile Include="$(MC_ROOT)\source\world\level\levelgen\feature\PineFeature.cpp" />
    <ClCompile Include="$(MC_ROOT)\source\world\level\levelgen\feature\ReedsFeature.cpp" />
    <ClCompile Include="$(MC_ROOT)\source\world\level\levelgen\feature\SpringFeature.cpp" />
    <ClCompile Include="$(MC_ROOT)\source\world\level\levelgen\feature\SpruceFeature.cpp" />
    <ClCompile Include="$(MC_ROOT)\source\world\level\levelgen\feature\TreeFeature.cpp" />
    <ClCompile Include="$(MC_ROOT)\source\world\level\levelgen\synth\ImprovedNoise.cpp" />
    <ClCompile Include="$(MC_ROOT)\source\world\level\levelgen\synth\PerlinNoise.cpp" />
    <ClCompile Include="$(MC_ROOT)\source\world\level\levelgen\synth\Synth.cpp" />
    <ClCompile Include="$(MC_ROOT)\source\world\level\LevelListener.cpp" />
    <ClCompile Include="$(MC_ROOT)\source\world\level\Material.cpp" />
    <ClCompile Include="$(MC_ROOT)\source\world\level\Region.cpp" />
    <ClCompile Include="$(MC_ROOT)\source\world\level\storage\ChunkStorage.cpp" />
    <ClCompile Include="$(MC_ROOT)\source\world\level\storage\ExternalFileLevelStorage.cpp" />
    <ClCompile Include="$(MC_ROOT)\source\world\level\storage\ExternalFileLevelStorageSource.cpp" />
    <ClCompile Include="$(MC_ROOT)\source\world\level\storage\LevelData.cpp" />
    <ClCompile Include="$(MC_ROOT)\source\world\level\storage\LevelSource.cpp" />
    <ClCompile Include="$(MC_ROOT)\source\world\level\storage\LevelStorage.cpp" />
    <ClCompile Include="$(MC_ROOT)\source\world\level\storage\LevelStorageSource.cpp" />
    <ClCompile Include="$(MC_ROOT)\source\world\level\storage\MemoryChunkStorage.cpp" />
    <ClCompile Include="$(MC_ROOT)\source\world\level\storage\MemoryLevelStorage.cpp" />
    <ClCompile Include="$(MC_ROOT)\source\world\level\storage\MemoryLevelStorageSource.cpp" />
    <ClCompile Include="$(MC_ROOT)\source\world\level\storage\RegionFile.cpp" />
    <ClCompile Include="$(MC_ROOT)\source\world\level\TickNextTickData.cpp" />
    <ClCompile Include="$(MC_ROOT)\source\world\particle\BubbleParticle.cpp" />
    <ClCompile Include="$(MC_ROOT)\source\world\particle\ExplodeParticle.cpp" />
    <ClCompile Include="$(MC_ROOT)\source\world\particle\FlameParticle.cpp" />
    <ClCompile Include="$(MC_ROOT)\source\world\particle\LavaParticle.cpp" />
    <ClCompile Include="$(MC_ROOT)\source\world\particle\Particle.cpp" />
    <ClCompile Include="$(MC_ROOT)\source\world\particle\ParticleEngine.cpp" />
    <ClCompile Include="$(MC_ROOT)\source\world\particle\RedDustParticle.cpp" />
    <ClCompile Include="$(MC_ROOT)\source\world\particle\SmokeParticle.cpp" />
    <ClCompile Include="$(MC_ROOT)\source\world\particle\TerrainParticle.cpp" />
    <ClCompile Include="$(MC_ROOT)\source\world\phys\AABB.cpp" />
    <ClCompile Include="$(MC_ROOT)\source\world\phys\HitResult.cpp" />
    <ClCompile Include="$(MC_ROOT)\source\world\phys\Vec3.cpp" />
    <ClCompile Include="$(MC_ROOT)\source\world\tile\BookshelfTile.cpp" />
    <ClCompile Include="$(MC_ROOT)\source\world\tile\Bush.cpp" />
    <ClCompile Include="$(MC_ROOT)\source\world\tile\ClayTile.cpp" />
    <ClCompile Include="$(MC_ROOT)\source\world\tile\ClothTile.cpp" />
    <ClCompile Include="$(MC_ROOT)\source\world\tile\DirtTile.cpp" />
    <ClCompile Include="$(MC_ROOT)\source\world\tile\DoorTile.cpp" />
    <ClCompile Include="$(MC_ROOT)\source\world\tile\FarmTile.cpp" />
    <ClCompile Include="$(MC_ROOT)\source\world\tile\FireTile.cpp" />
    <ClCompile Include="$(MC_ROOT)\source\world\tile\GlassTile.cpp" />
    <ClCompile Include="$(MC_ROOT)\source\world\tile\GrassTile.cpp" />
    <ClCompile Include="$(MC_ROOT)\source\world\tile\GravelTile.cpp" />
    <ClCompile Include="$(MC_ROOT)\source\world\tile\HalfTransparentTile.cpp" />
    <ClCompile Include="$(MC_ROOT)\source\world\tile\IceTile.cpp" />
    <ClCompile Include="$(MC_ROOT)\source\world\tile\InvisibleTile.cpp" />
    <ClCompile Include="$(MC_ROOT)\source\world\tile\LadderTile.cpp" />
    <ClCompile Include="$(MC_ROOT)\source\world\tile\LeafTile.cpp" />
    <ClCompile Include="$(MC_ROOT)\source\world\tile\LiquidTile.cpp" />
    <ClCompile Include="$(MC_ROOT)\source\world\tile\LiquidTileDynamic.cpp" />
    <ClCompile Include="$(MC_ROOT)\source\world\tile\LiquidTileStatic.cpp" />
    <ClCompile Include="$(MC_ROOT)\source\world\tile\MetalTile.cpp" />
    <ClCompile Include="$(MC_ROOT)\source\world\tile\ObsidianTile.cpp" />
    <ClCompile Include="$(MC_ROOT)\source\world\tile\OreTile.cpp" />
    <ClCompile Include="$(MC_ROOT)\source\world\tile\RedStoneOreTile.cpp" />
    <ClCompile Include="$(MC_ROOT)\source\world\tile\ReedTile.cpp" />
    <ClCompile Include="$(MC_ROOT)\source\world\tile\SandStoneTile.cpp" />
    <ClCompile Include="$(MC_ROOT)\source\world\tile\SandTile.cpp" />
    <ClCompile Include="$(MC_ROOT)\source\world\tile\Sapling.cpp" />
    <ClCompile Include="$(MC_ROOT)\source\world\tile\SpongeTile.cpp" />
    <ClCompile Include="$(MC_ROOT)\source\world\tile\StairTile.cpp" />
    <ClCompile Include="$(MC_ROOT)\source\world\tile\StoneSlabTile.cpp" />
    <ClCompile Include="$(MC_ROOT)\source\world\tile\StoneTile.cpp" />
    <ClCompile Include="$(MC_ROOT)\source\world\tile\Tile.cpp" />
    <ClCompile Include="$(MC_ROOT)\source\world\tile\TntTile.cpp" />
    <ClCompile Include="$(MC_ROOT)\source\world\tile\TopSnowTile.cpp" />
    <ClCompile Include="$(MC_ROOT)\source\world\tile\TorchTile.cpp" />
    <ClCompile Include="$(MC_ROOT)\source\world\tile\TransparentTile.cpp" />
    <ClCompile Include="$(MC_ROOT)\source\world\tile\TreeTile.cpp" />
    <ClCompile Include="$(MC_ROOT)\source\world\tile\WireTile.cpp" />
    <ClCompile Include="$(MC_ROOT)\source\client\app\App.cpp" />
    <ClCompile Include="$(MC_ROOT)\source\client\app\AppPlatform.cpp" />
    <ClCompile Include="$(MC_ROOT)\source\client\app\Minecraft.cpp" />
    <ClCompile Include="$(MC_ROOT)\source\client\app\NinecraftApp.cpp" />
    <ClCompile Include="$(MC_ROOT)\source\client\network\ClientSideNetworkHandler.cpp" />
    <ClCompile Include="$(MC_ROOT)\source\client\options\Options.cpp" />
    <ClCompile Include="$(MC_ROOT)\source\client\player\input\IBuildInput.cpp" />
    <ClCompile Include="$(MC_ROOT)\source\client\player\input\IncludeExcludeArea.cpp" />
    <ClCompile Include="$(MC_ROOT)\source\client\player\input\MouseHandler.cpp" />
    <ClCompile Include="$(MC_ROOT)\source\client\player\input\PolygonArea.cpp" />
    <ClCompile Include="$(MC_ROOT)\source\client\player\input\RectangleArea.cpp" />
    <ClCompile Include="$(MC_ROOT)\source\client\player\input\MouseDevice.cpp" />
    <ClCompile Include="$(MC_ROOT)\source\client\player\input\Multitouch.cpp" />
    <ClCompile Include="$(MC_ROOT)\source\client\player\input\CustomInputHolder.cpp" />
    <ClCompile Include="$(MC_ROOT)\source\client\player\input\IInputHolder.cpp" />
    <ClCompile Include="$(MC_ROOT)\source\client\player\input\IMoveInput.cpp" />
    <ClCompile Include="$(MC_ROOT)\source\client\player\input\ITouchScreenModel.cpp" />
    <ClCompile Include="$(MC_ROOT)\source\client\player\input\TouchAreaModel.cpp" />
    <ClCompile Include="$(MC_ROOT)\source\client\player\input\TouchInputHolder.cpp" />
    <ClCompile Include="$(MC_ROOT)\source\client\player\input\TouchscreenInput_TestFps.cpp" />
    <ClCompile Include="$(MC_ROOT)\source\client\player\input\UnifiedTurnBuild.cpp" />
    <ClCompile Include="$(MC_ROOT)\source\common\SmoothFloat.cpp" />
    <ClCompile Include="$(MC_ROOT)\thirdparty\GL\GLExt.cpp" />
    <ClCompile Include="$(RAKNET_PATH)\Base64Encoder.cpp" />
    <ClCompile Include="$(RAKNET_PATH)\BitStream.cpp" />
    <ClCompile Include="$(RAKNET_PATH)\CCRakNetSlidingWindow.cpp" />
    <ClCompile Include="$(RAKNET_PATH)\CCRakNetUDT.cpp" />
    <ClCompile Include="$(RAKNET_PATH)\CheckSum.cpp" />
    <ClCompile Include="$(RAKNET_PATH)\CloudClient.cpp" />
    <ClCompile Include="$(RAKNET_PATH)\CloudCommon.cpp" />
    <ClCompile Include="$(RAKNET_PATH)\CloudServer.cpp" />
    <ClCompile Include="$(RAKNET_PATH)\CommandParserInterface.cpp" />
    <ClCompile Include="$(RAKNET_PATH)\ConnectionGraph2.cpp" />
    <ClCompile Include="$(RAKNET_PATH)\ConsoleServer.cpp" />
    <ClCompile Include="$(RAKNET_PATH)\DataCompressor.cpp" />
    <ClCompile Include="$(RAKNET_PATH)\DirectoryDeltaTransfer.cpp" />
    <ClCompile Include="$(RAKNET_PATH)\DR_SHA1.cpp" />
    <ClCompile Include="$(RAKNET_PATH)\DS_BytePool.cpp" />
    <ClCompile Include="$(RAKNET_PATH)\DS_ByteQueue.cpp" />
    <ClCompile Include="$(RAKNET_PATH)\DS_HuffmanEncodingTree.cpp" />
    <ClCompile Include="$(RAKNET_PATH)\DS_Table.cpp" />
    <ClCompile Include="$(RAKNET_PATH)\DynDNS.cpp" />
    <ClCompile Include="$(RAKNET_PATH)\EmailSender.cpp" />
    <ClCompile Include="$(RAKNET_PATH)\EpochTimeToString.cpp" />
    <ClCompile Include="$(RAKNET_PATH)\FileList.cpp" />
    <ClCompile Include="$(RAKNET_PATH)\FileListTransfer.cpp" />
    <ClCompile Include="$(RAKNET_PATH)\FileOperations.cpp" />
    <ClCompile Include="$(RAKNET_PATH)\FormatString.cpp" />
    <ClCompile Include="$(RAKNET_PATH)\FullyConnectedMesh2.cpp" />
    <ClCompile Include="$(RAKNET_PATH)\Getche.cpp" />
    <ClCompile Include="$(RAKNET_PATH)\Gets.cpp" />
    <ClCompile Include="$(RAKNET_PATH)\GetTime.cpp" />
    <ClCompile Include="$(RAKNET_PATH)\gettimeofday.cpp" />
    <ClCompile Include="$(RAKNET_PATH)\GridSectorizer.cpp" />
    <ClCompile Include="$(RAKNET_PATH)\HTTPConnection.cpp" />
    <ClCompile Include="$(RAKNET_PATH)\HTTPConnection2.cpp" />
    <ClCompile Include="$(RAKNET_PATH)\IncrementalReadInterface.cpp" />
    <ClCompile Include="$(RAKNET_PATH)\Itoa.cpp" />
    <ClCompile Include="$(RAKNET_PATH)\LinuxStrings.cpp" />
    <ClCompile Include="$(RAKNET_PATH)\LocklessTypes.cpp" />
    <ClCompile Include="$(RAKNET_PATH)\LogCommandParser.cpp" />
    <ClCompile Include="$(RAKNET_PATH)\MessageFilter.cpp" />
    <ClCompile Include="$(RAKNET_PATH)\NatPunchthroughClient.cpp" />
    <ClCompile Include="$(RAKNET_PATH)\NatPunchthroughServer.cpp" />
    <ClCompile Include="$(RAKNET_PATH)\NatTypeDetectionClient.cpp" />
    <ClCompile Include="$(RAKNET_PATH)\NatTypeDetectionCommon.cpp" />
    <ClCompile Include="$(RAKNET_PATH)\NatTypeDetectionServer.cpp" />
    <ClCompile Include="$(RAKNET_PATH)\NetworkIDManager.cpp" />
    <ClCompile Include="$(RAKNET_PATH)\NetworkIDObject.cpp" />
    <ClCompile Include="$(RAKNET_PATH)\PacketConsoleLogger.cpp" />
    <ClCompile Include="$(RAKNET_PATH)\PacketFileLogger.cpp" />
    <ClCompile Include="$(RAKNET_PATH)\PacketizedTCP.cpp" />
    <ClCompile Include="$(RAKNET_PATH)\PacketLogger.cpp" />
    <ClCompile Include="$(RAKNET_PATH)\PacketOutputWindowLogger.cpp" />
    <ClCompile Include="$(RAKNET_PATH)\PluginInterface2.cpp" />
    <ClCompile Include="$(RAKNET_PATH)\PS4Includes.cpp" />
    <ClCompile Include="$(RAKNET_PATH)\Rackspace.cpp" />
    <ClCompile Include="$(RAKNET_PATH)\RakMemoryOverride.cpp" />
    <ClCompile Include="$(RAKNET_PATH)\RakNetCommandParser.cpp" />
    <ClCompile Include="$(RAKNET_PATH)\RakNetSocket.cpp" />
    <ClCompile Include="$(RAKNET_PATH)\RakNetSocket2.cpp" />
    <ClCompile Include="$(RAKNET_PATH)\RakNetSocket2_360_720.cpp" />
    <ClCompile Include="$(RAKNET_PATH)\RakNetSocket2_Berkley.cpp" />
    <ClCompile Include="$(RAKNET_PATH)\RakNetSocket2_Berkley_NativeClient.cpp" />
    <ClCompile Include="$(RAKNET_PATH)\RakNetSocket2_NativeClient.cpp" />
    <ClCompile Include="$(RAKNET_PATH)\RakNetSocket2_PS3_PS4.cpp" />
    <ClCompile Include="$(RAKNET_PATH)\RakNetSocket2_PS4.cpp" />
    <ClCompile Include="$(RAKNET_PATH)\RakNetSocket2_Vita.cpp" />
    <ClCompile Include="$(RAKNET_PATH)\RakNetSocket2_WindowsStore8.cpp" />
    <ClCompile Include="$(RAKNET_PATH)\RakNetSocket2_Windows_Linux.cpp" />
    <ClCompile Include="$(RAKNET_PATH)\RakNetSocket2_Windows_Linux_360.cpp" />
    <ClCompile Include="$(RAKNET_PATH)\RakNetStatistics.cpp" />
    <ClCompile Include="$(RAKNET_PATH)\RakNetTransport2.cpp" />
    <ClCompile Include="$(RAKNET_PATH)\RakNetTypes.cpp" />
    <ClCompile Include="$(RAKNET_PATH)\RakPeer.cpp" />
    <ClCompile Include="$(RAKNET_PATH)\RakSleep.cpp" />
    <ClCompile Include="$(RAKNET_PATH)\RakString.cpp" />
    <ClCompile Include="$(RAKNET_PATH)\RakThread.cpp" />
    <ClCompile Include="$(RAKNET_PATH)\RakWString.cpp" />
    <ClCompile Include="$(RAKNET_PATH)\Rand.cpp" />
    <ClCompile Include="$(RAKNET_PATH)\RandSync.cpp" />
    <ClCompile Include="$(RAKNET_PATH)\ReadyEvent.cpp" />
    <ClCompile Include="$(RAKNET_PATH)\RelayPlugin.cpp" />
    <ClCompile Include="$(RAKNET_PATH)\ReliabilityLayer.cpp" />
    <ClCompile Include="$(RAKNET_PATH)\ReplicaManager3.cpp" />
    <ClCompile Include="$(RAKNET_PATH)\Router2.cpp" />
    <ClCompile Include="$(RAKNET_PATH)\RPC4Plugin.cpp" />
    <ClCompile Include="$(RAKNET_PATH)\SecureHandshake.cpp" />
    <ClCompile Include="$(RAKNET_PATH)\SendToThread.cpp" />
    <ClCompile Include="$(RAKNET_PATH)\SignaledEvent.cpp" />
    <ClCompile Include="$(RAKNET_PATH)\SimpleMutex.cpp" />
    <ClCompile Include="$(RAKNET_PATH)\SocketLayer.cpp" />
    <ClCompile Include="$(RAKNET_PATH)\StatisticsHistory.cpp" />
    <ClCompile Include="$(RAKNET_PATH)\StringCompressor.cpp" />
    <ClCompile Include="$(RAKNET_PATH)\StringTable.cpp" />
    <ClCompile Include="$(RAKNET_PATH)\SuperFastHash.cpp" />
    <ClCompile Include="$(RAKNET_PATH)\TableSerializer.cpp" />
    <ClCompile Include="$(RAKNET_PATH)\TCPInterface.cpp" />
    <ClCompile Include="$(RAKNET_PATH)\TeamBalancer.cpp" />
    <ClCompile Include="$(RAKNET_PATH)\TeamManager.cpp" />
    <ClCompile Include="$(RAKNET_PATH)\TelnetTransport.cpp" />
    <ClCompile Include="$(RAKNET_PATH)\ThreadsafePacketLogger.cpp" />
    <ClCompile Include="$(RAKNET_PATH)\TwoWayAuthentication.cpp" />
    <ClCompile Include="$(RAKNET_PATH)\UDPForwarder.cpp" />
    <ClCompile Include="$(RAKNET_PATH)\UDPProxyClient.cpp" />
    <ClCompile Include="$(RAKNET_PATH)\UDPProxyCoordinator.cpp" />
    <ClCompile Include="$(RAKNET_PATH)\UDPProxyServer.cpp" />
    <ClCompile Include="$(RAKNET_PATH)\VariableDeltaSerializer.cpp" />
    <ClCompile Include="$(RAKNET_PATH)\VariableListDeltaTracker.cpp" />
    <ClCompile Include="$(RAKNET_PATH)\VariadicSQLParser.cpp" />
    <ClCompile Include="$(RAKNET_PATH)\VitaIncludes.cpp" />
    <ClCompile Include="$(RAKNET_PATH)\WSAStartupSingleton.cpp" />
    <ClCompile Include="$(RAKNET_PATH)\_FindFirst.cpp" />
    <ClCompile Include="$(MC_ROOT)\source\renderer\GL\GL.cpp" />
  </ItemGroup>
  <ItemGroup>
    <Filter Include="minecraftcpp">
      <UniqueIdentifier>{4a408c77-3936-485f-b273-b47048da21e5}</UniqueIdentifier>
    </Filter>
    <Filter Include="compat">
      <UniqueIdentifier>{a268234a-f26d-452a-be36-cf0f89b3a0ce}</UniqueIdentifier>
    </Filter>
    <Filter Include="thirdparty">
      <UniqueIdentifier>{e8ff5d8c-42b0-4586-9488-47fc73a48637}</UniqueIdentifier>
    </Filter>
    <Filter Include="thirdparty\raknet">
      <UniqueIdentifier>{46cf2e9a-ec35-46ec-ab90-0ad7b5e97f83}</UniqueIdentifier>
    </Filter>
  </ItemGroup>
</Project>