<?xml version="1.0" encoding="utf-8"?>
<Project ToolsVersion="4.0" xmlns="http://schemas.microsoft.com/developer/msbuild/2003">
  <ItemGroup>
    <Filter Include="Source Files">
      <UniqueIdentifier>{4FC737F1-C7A5-4376-A066-2A32D752A2FF}</UniqueIdentifier>
      <Extensions>cpp;c;cc;cxx;c++;cppm;ixx;def;odl;idl;hpj;bat;asm;asmx</Extensions>
    </Filter>
    <Filter Include="Header Files">
      <UniqueIdentifier>{93995380-89BD-4b04-88EB-625FBE52EBFB}</UniqueIdentifier>
      <Extensions>h;hh;hpp;hxx;h++;hm;inl;inc;ipp;xsd</Extensions>
    </Filter>
    <Filter Include="Header Files\Math">
      <UniqueIdentifier>{c390ed47-685f-4617-9de1-c590e54cfdc6}</UniqueIdentifier>
    </Filter>
    <Filter Include="Source Files\Math">
      <UniqueIdentifier>{79b3759f-6b47-454b-a5eb-fa59fb69e149}</UniqueIdentifier>
    </Filter>
    <Filter Include="Header Files\Utility">
      <UniqueIdentifier>{bf9115c5-2bb6-4bfc-a140-ed36088b13c4}</UniqueIdentifier>
    </Filter>
    <Filter Include="Source Files\Utility">
      <UniqueIdentifier>{53e4ada8-db6a-4d9a-b3b1-4f5b0c3a8f39}</UniqueIdentifier>
    </Filter>
  </ItemGroup>
  <ItemGroup>
    <ClCompile Include="$(MC_ROOT)\source\common\CThread.cpp">
      <Filter>Source Files</Filter>
    </ClCompile>
    <ClCompile Include="$(MC_ROOT)\source\common\Logger.cpp">
      <Filter>Source Files</Filter>
    </ClCompile>
    <ClCompile Include="$(MC_ROOT)\source\common\Mth.cpp">
      <Filter>Source Files</Filter>
    </ClCompile>
    <ClCompile Include="$(MC_ROOT)\source\common\Random.cpp">
      <Filter>Source Files</Filter>
    </ClCompile>
    <ClCompile Include="$(MC_ROOT)\source\common\Timer.cpp">
      <Filter>Source Files</Filter>
    </ClCompile>
    <ClCompile Include="$(MC_ROOT)\source\common\Util.cpp">
      <Filter>Source Files</Filter>
    </ClCompile>
    <ClCompile Include="$(MC_ROOT)\source\common\Utils.cpp">
      <Filter>Source Files</Filter>
    </ClCompile>
    <ClCompile Include="$(MC_ROOT)\source\common\SmoothFloat.cpp">
      <Filter>Source Files</Filter>
    </ClCompile>
    <ClCompile Include="$(MC_ROOT)\source\common\DataIO.cpp">
      <Filter>Source Files</Filter>
    </ClCompile>
    <ClCompile Include="$(MC_ROOT)\source\common\math\Color.cpp">
      <Filter>Source Files\Math</Filter>
    </ClCompile>
    <ClCompile Include="$(MC_ROOT)\source\common\utility\AlignmentHelper.cpp">
      <Filter>Source Files\Utility</Filter>
    </ClCompile>
    <ClCompile Include="$(MC_ROOT)\source\common\utility\JsonParser.cpp">
      <Filter>Source Files\Utility</Filter>
    </ClCompile>
    <ClCompile Include="$(MC_ROOT)\source\common\utility\Singleton.cpp">
      <Filter>Source Files\Utility</Filter>
    </ClCompile>
    <ClCompile Include="$(MC_ROOT)\compat\vsnprintf.cpp">
      <Filter>Source Files</Filter>
    </ClCompile>
  </ItemGroup>
  <ItemGroup>
    <ClInclude Include="$(MC_ROOT)\source\common\CThread.hpp">
      <Filter>Header Files</Filter>
    </ClInclude>
    <ClInclude Include="$(MC_ROOT)\source\common\Logger.hpp">
      <Filter>Header Files</Filter>
    </ClInclude>
    <ClInclude Include="$(MC_ROOT)\source\common\Mth.hpp">
      <Filter>Header Files</Filter>
    </ClInclude>
    <ClInclude Include="$(MC_ROOT)\source\common\Random.hpp">
      <Filter>Header Files</Filter>
    </ClInclude>
    <ClInclude Include="$(MC_ROOT)\source\common\Timer.hpp">
      <Filter>Header Files</Filter>
    </ClInclude>
    <ClInclude Include="$(MC_ROOT)\source\common\Util.hpp">
      <Filter>Header Files</Filter>
    </ClInclude>
    <ClInclude Include="$(MC_ROOT)\source\common\Utils.hpp">
      <Filter>Header Files</Filter>
    </ClInclude>
    <ClInclude Include="$(MC_ROOT)\source\common\SmoothFloat.hpp">
      <Filter>Header Files</Filter>
    </ClInclude>
    <ClInclude Include="$(MC_ROOT)\source\common\DataIO.hpp">
      <Filter>Header Files</Filter>
    </ClInclude>
    <ClInclude Include="$(MC_ROOT)\compat\vsnprintf.hpp">
      <Filter>Header Files</Filter>
    </ClInclude>
    <ClInclude Include="$(MC_ROOT)\compat\LegacyCPP.hpp">
      <Filter>Header Files</Filter>
    </ClInclude>
    <ClInclude Include="$(MC_ROOT)\compat\LegacyCPP_Compat.hpp">
      <Filter>Header Files</Filter>
    </ClInclude>
    <ClInclude Include="$(MC_ROOT)\compat\LegacyCPP_Info.hpp">
      <Filter>Header Files</Filter>
    </ClInclude>
    <ClInclude Include="$(MC_ROOT)\source\common\math\Color.hpp">
      <Filter>Header Files\Math</Filter>
    </ClInclude>
    <ClInclude Include="$(MC_ROOT)\source\common\utility\AlignmentHelper.hpp">
      <Filter>Header Files\Utility</Filter>
    </ClInclude>
    <ClInclude Include="$(MC_ROOT)\source\common\utility\InheritanceTree.hpp">
      <Filter>Header Files\Utility</Filter>
    </ClInclude>
    <ClInclude Include="$(MC_ROOT)\source\common\utility\JsonParser.hpp">
      <Filter>Header Files\Utility</Filter>
    </ClInclude>
    <ClInclude Include="$(MC_ROOT)\source\common\utility\Singleton.hpp">
      <Filter>Header Files\Utility</Filter>
    </ClInclude>
  </ItemGroup>
</Project>